<?xml version="1.0" encoding="utf-8"?>
<Project ToolsVersion="4.0" xmlns="http://schemas.microsoft.com/developer/msbuild/2003">
  <ItemGroup>
    <Filter Include="Source Files">
      <UniqueIdentifier>{4FC737F1-C7A5-4376-A066-2A32D752A2FF}</UniqueIdentifier>
      <Extensions>cpp;cxx;c;def</Extensions>
    </Filter>
    <Filter Include="Header Files">
      <UniqueIdentifier>{93995380-89BD-4b04-88EB-625FBE52EBFB}</UniqueIdentifier>
      <Extensions>h</Extensions>
    </Filter>
    <Filter Include="Form Files">
      <UniqueIdentifier>{99349809-55BA-4b9d-BF79-8FDBB0286EB3}</UniqueIdentifier>
      <Extensions>ui</Extensions>
    </Filter>
    <Filter Include="Resource Files">
      <UniqueIdentifier>{D9D6E242-F8AF-46E4-B9FD-80ECBC20BA3E}</UniqueIdentifier>
      <Extensions>qrc;*</Extensions>
      <ParseFiles>false</ParseFiles>
    </Filter>
    <Filter Include="Generated Files">
      <UniqueIdentifier>{71ED8ED8-ACB9-4CE9-BBE1-E00B30144E11}</UniqueIdentifier>
      <Extensions>moc;h;cpp</Extensions>
      <SourceControlFiles>False</SourceControlFiles>
    </Filter>
    <Filter Include="Generated Files\Debug">
      <UniqueIdentifier>{f2433a9c-65ab-4a65-b7c2-3add011509f9}</UniqueIdentifier>
      <Extensions>cpp;moc</Extensions>
      <SourceControlFiles>False</SourceControlFiles>
    </Filter>
    <Filter Include="Generated Files\Release">
      <UniqueIdentifier>{d3d63e6f-b160-4061-b953-4891db4d64f1}</UniqueIdentifier>
      <Extensions>cpp;moc</Extensions>
      <SourceControlFiles>False</SourceControlFiles>
    </Filter>
  </ItemGroup>
  <ItemGroup>
    <ClCompile Include="main.cpp">
      <Filter>Source Files</Filter>
    </ClCompile>
    <ClCompile Include="meshviewerwidget.cpp">
      <Filter>Source Files</Filter>
    </ClCompile>
    <ClCompile Include="GeneratedFiles\Debug\moc_meshviewerwidget.cpp">
      <Filter>Generated Files\Debug</Filter>
    </ClCompile>
    <ClCompile Include="GeneratedFiles\Release\moc_meshviewerwidget.cpp">
      <Filter>Generated Files\Release</Filter>
    </ClCompile>
    <ClCompile Include="GeneratedFiles\qrc_meshviewerwidget.cpp">
      <Filter>Generated Files</Filter>
    </ClCompile>
    <ClCompile Include="simplerandom.c">
      <Filter>Source Files</Filter>
    </ClCompile>
    <ClCompile Include="GLViewerCore.cpp">
      <Filter>Source Files</Filter>
    </ClCompile>
    <ClCompile Include="ICP.cpp">
      <Filter>Source Files</Filter>
    </ClCompile>
    <ClCompile Include="IPOPTSolver.cpp">
      <Filter>Source Files</Filter>
    </ClCompile>
    <ClCompile Include="MeshCuboid.cpp">
      <Filter>Source Files</Filter>
    </ClCompile>
    <ClCompile Include="MeshCuboidEvaluator.cpp">
      <Filter>Source Files</Filter>
    </ClCompile>
    <ClCompile Include="MeshCuboidFusion.cpp">
      <Filter>Source Files</Filter>
    </ClCompile>
    <ClCompile Include="MeshCuboidNonLinearSolver.cpp">
      <Filter>Source Files</Filter>
    </ClCompile>
    <ClCompile Include="MeshCuboidParameters.cpp">
      <Filter>Source Files</Filter>
    </ClCompile>
    <ClCompile Include="MeshCuboidPartAssembly.cpp">
      <Filter>Source Files</Filter>
    </ClCompile>
    <ClCompile Include="MeshCuboidPredictor.cpp">
      <Filter>Source Files</Filter>
    </ClCompile>
    <ClCompile Include="MeshCuboidReconstruction.cpp">
      <Filter>Source Files</Filter>
    </ClCompile>
    <ClCompile Include="MeshCuboidRelation.cpp">
      <Filter>Source Files</Filter>
    </ClCompile>
    <ClCompile Include="MeshCuboidSolver.cpp">
      <Filter>Source Files</Filter>
    </ClCompile>
    <ClCompile Include="MeshCuboidStructure.cpp">
      <Filter>Source Files</Filter>
    </ClCompile>
    <ClCompile Include="MeshCuboidSymmetryGroup.cpp">
      <Filter>Source Files</Filter>
    </ClCompile>
    <ClCompile Include="MeshCuboidTrainer.cpp">
      <Filter>Source Files</Filter>
    </ClCompile>
    <ClCompile Include="MeshViewerCore.cpp">
      <Filter>Source Files</Filter>
    </ClCompile>
    <ClCompile Include="MeshViewerCoreT.cpp">
      <Filter>Source Files</Filter>
    </ClCompile>
    <ClCompile Include="MyMesh.cpp">
      <Filter>Source Files</Filter>
    </ClCompile>
    <ClCompile Include="NLPEigenQuadFunction.cpp">
      <Filter>Source Files</Filter>
    </ClCompile>
    <ClCompile Include="NLPExpression.cpp">
      <Filter>Source Files</Filter>
    </ClCompile>
    <ClCompile Include="NLPFormulation.cpp">
      <Filter>Source Files</Filter>
    </ClCompile>
    <ClCompile Include="NLPVectorExpression.cpp">
      <Filter>Source Files</Filter>
    </ClCompile>
    <ClCompile Include="QGLViewerWidget.cpp">
      <Filter>Source Files</Filter>
    </ClCompile>
    <ClCompile Include="RunExperiments.cpp">
      <Filter>Source Files</Filter>
    </ClCompile>
    <ClCompile Include="RunTest.cpp">
      <Filter>Source Files</Filter>
    </ClCompile>
    <ClCompile Include="SymmetryDetection.cpp">
      <Filter>Source Files</Filter>
    </ClCompile>
    <ClCompile Include="Utilities.cpp">
      <Filter>Source Files</Filter>
    </ClCompile>
    <ClCompile Include="GeneratedFiles\Debug\moc_QGLViewerWidget.cpp">
      <Filter>Generated Files\Debug</Filter>
    </ClCompile>
    <ClCompile Include="GeneratedFiles\Release\moc_QGLViewerWidget.cpp">
      <Filter>Generated Files\Release</Filter>
    </ClCompile>
    <ClCompile Include="EigenQP.cpp">
      <Filter>Source Files</Filter>
    </ClCompile>
  </ItemGroup>
  <ItemGroup>
    <CustomBuild Include="meshviewerwidget.h">
      <Filter>Header Files</Filter>
    </CustomBuild>
    <CustomBuild Include="meshviewerwidget.ui">
      <Filter>Form Files</Filter>
    </CustomBuild>
    <CustomBuild Include="meshviewerwidget.qrc">
      <Filter>Resource Files</Filter>
    </CustomBuild>
    <CustomBuild Include="QGLViewerWidget.h">
      <Filter>Header Files</Filter>
    </CustomBuild>
  </ItemGroup>
  <ItemGroup>
    <ClInclude Include="GeneratedFiles\ui_meshviewerwidget.h">
      <Filter>Generated Files</Filter>
    </ClInclude>
    <ClInclude Include="glut_geometry.h">
      <Filter>Header Files</Filter>
    </ClInclude>
    <ClInclude Include="GLViewerCore.h">
      <Filter>Header Files</Filter>
    </ClInclude>
    <ClInclude Include="ICP.h">
      <Filter>Header Files</Filter>
    </ClInclude>
    <ClInclude Include="IPOPTSolver.h">
      <Filter>Header Files</Filter>
    </ClInclude>
    <ClInclude Include="MeshCuboid.h">
      <Filter>Header Files</Filter>
    </ClInclude>
    <ClInclude Include="MeshCuboidEvaluator.h">
      <Filter>Header Files</Filter>
    </ClInclude>
    <ClInclude Include="MeshCuboidFusion.h">
      <Filter>Header Files</Filter>
    </ClInclude>
    <ClInclude Include="MeshCuboidNonLinearSolver.h">
      <Filter>Header Files</Filter>
    </ClInclude>
    <ClInclude Include="MeshCuboidParameters.h">
      <Filter>Header Files</Filter>
    </ClInclude>
    <ClInclude Include="MeshCuboidPredictor.h">
      <Filter>Header Files</Filter>
    </ClInclude>
    <ClInclude Include="MeshCuboidRelation.h">
      <Filter>Header Files</Filter>
    </ClInclude>
    <ClInclude Include="MeshCuboidSolver.h">
      <Filter>Header Files</Filter>
    </ClInclude>
    <ClInclude Include="MeshCuboidStructure.h">
      <Filter>Header Files</Filter>
    </ClInclude>
    <ClInclude Include="MeshCuboidSymmetryGroup.h">
      <Filter>Header Files</Filter>
    </ClInclude>
    <ClInclude Include="MeshCuboidTrainer.h">
      <Filter>Header Files</Filter>
    </ClInclude>
    <ClInclude Include="MeshViewerCore.h">
      <Filter>Header Files</Filter>
    </ClInclude>
    <ClInclude Include="MeshViewerCoreT.h">
      <Filter>Header Files</Filter>
    </ClInclude>
    <ClInclude Include="MyMesh.h">
      <Filter>Header Files</Filter>
    </ClInclude>
    <ClInclude Include="NLPEigenQuadFunction.h">
      <Filter>Header Files</Filter>
    </ClInclude>
    <ClInclude Include="NLPExpression.h">
      <Filter>Header Files</Filter>
    </ClInclude>
    <ClInclude Include="NLPFormulation.h">
      <Filter>Header Files</Filter>
    </ClInclude>
    <ClInclude Include="NLPVectorExpression.h">
      <Filter>Header Files</Filter>
    </ClInclude>
    <ClInclude Include="simplerandom.h">
      <Filter>Header Files</Filter>
    </ClInclude>
    <ClInclude Include="SymmetryDetection.h">
      <Filter>Header Files</Filter>
    </ClInclude>
    <ClInclude Include="Utilities.h">
      <Filter>Header Files</Filter>
    </ClInclude>
    <ClInclude Include="EigenQP.h">
      <Filter>Header Files</Filter>
    </ClInclude>
  </ItemGroup>
  <ItemGroup>
    <None Include="OcclusionRendering.frag" />
    <None Include="OcclusionRendering.vert" />
  </ItemGroup>
</Project>